
Microsoft Visual Studio Solution File, Format Version 12.00
# Visual Studio 15
VisualStudioVersion = 15.0.26730.16
MinimumVisualStudioVersion = 10.0.40219.1
Project("{FAE04EC0-301F-11D3-BF4B-00C04F79EFBC}") = "FunctionApp6", "FunctionApp6\FunctionApp6.csproj", "{962B626F-9976-46B8-A09A-1CE947FF845B}"
EndProject
Project("{FAE04EC0-301F-11D3-BF4B-00C04F79EFBC}") = "ClassLibrary1", "ClassLibrary1\ClassLibrary1.csproj", "{A122DB9F-5374-4EFF-864B-03DA90D15209}"
EndProject
Global
	GlobalSection(SolutionConfigurationPlatforms) = preSolution
		Debug|Any CPU = Debug|Any CPU
		Release|Any CPU = Release|Any CPU
	EndGlobalSection
	GlobalSection(ProjectConfigurationPlatforms) = postSolution
		{962B626F-9976-46B8-A09A-1CE947FF845B}.Debug|Any CPU.ActiveCfg = Debug|Any CPU
		{962B626F-9976-46B8-A09A-1CE947FF845B}.Debug|Any CPU.Build.0 = Debug|Any CPU
		{962B626F-9976-46B8-A09A-1CE947FF845B}.Release|Any CPU.ActiveCfg = Release|Any CPU
		{962B626F-9976-46B8-A09A-1CE947FF845B}.Release|Any CPU.Build.0 = Release|Any CPU
		{A122DB9F-5374-4EFF-864B-03DA90D15209}.Debug|Any CPU.ActiveCfg = Debug|Any CPU
		{A122DB9F-5374-4EFF-864B-03DA90D15209}.Debug|Any CPU.Build.0 = Debug|Any CPU
		{A122DB9F-5374-4EFF-864B-03DA90D15209}.Release|Any CPU.ActiveCfg = Release|Any CPU
		{A122DB9F-5374-4EFF-864B-03DA90D15209}.Release|Any CPU.Build.0 = Release|Any CPU
	EndGlobalSection
	GlobalSection(SolutionProperties) = preSolution
		HideSolutionNode = FALSE
	EndGlobalSection
	GlobalSection(ExtensibilityGlobals) = postSolution
		SolutionGuid = {4064F9F2-D902-4F93-B4F0-9C3A5D98962D}
	EndGlobalSection
EndGlobal
